{
  "name": "rebbleautoboot",
  "version": "1.0.0",
  "lockfileVersion": 1,
  "requires": true,
  "dependencies": {
    "webadb": {
      "version": "git+https://github.com/webadb/webadb.js.git#0254857da50665db307806b7ea8e1552c2c54f7a",
      "from": "git+https://github.com/webadb/webadb.js.git"
    }
  }
}
